
Microsoft Visual Studio Solution File, Format Version 12.00
# Visual Studio Version 17
VisualStudioVersion = 17.3.32922.545
MinimumVisualStudioVersion = 10.0.40219.1
Project("{9A19103F-16F7-4668-BE54-9A1E7A4F7556}") = "JurassicRisk", "JurassicRisk.csproj", "{38B6F886-A155-4342-9BA4-3F0A3F2B4001}"
EndProject
Project("{9A19103F-16F7-4668-BE54-9A1E7A4F7556}") = "RISKAPI", "..\RISKAPI\RISKAPI.csproj", "{FD6B06A9-70B2-49BA-A6A9-E8481B4E4DEC}"
EndProject
Project("{9A19103F-16F7-4668-BE54-9A1E7A4F7556}") = "DBStorage", "..\DBStorage\DBStorage.csproj", "{0ADF1997-C182-4D12-9FED-D1B5DE6A28FB}"
EndProject
Project("{9A19103F-16F7-4668-BE54-9A1E7A4F7556}") = "ModelTestUnit", "..\ModelTestUnit\ModelTestUnit.csproj", "{259C2F37-5D21-4F59-AB3B-07FDECA04F33}"
EndProject
Project("{9A19103F-16F7-4668-BE54-9A1E7A4F7556}") = "Models", "..\Models\Models.csproj", "{044A5D79-A052-49B5-86D3-C010C772D8DA}"
EndProject
Project("{9A19103F-16F7-4668-BE54-9A1E7A4F7556}") = "Réseaux", "..\Reseaux\Réseaux.csproj", "{4D49D6B1-1857-47C1-82CE-C5F2BDB0DBE4}"
EndProject
Project("{9A19103F-16F7-4668-BE54-9A1E7A4F7556}") = "Stockage", "..\Stockage\Stockage.csproj", "{35261328-DC54-4739-AC04-EE964AA566C4}"
EndProject
Project("{9A19103F-16F7-4668-BE54-9A1E7A4F7556}") = "StorageUnitTest", "..\StorageUnitTest\StorageUnitTest.csproj", "{3FE708FF-B119-4C4D-9598-B1C89D457285}"
EndProject
Global
	GlobalSection(SolutionConfigurationPlatforms) = preSolution
		Debug|Any CPU = Debug|Any CPU
		Release|Any CPU = Release|Any CPU
	EndGlobalSection
	GlobalSection(ProjectConfigurationPlatforms) = postSolution
		{38B6F886-A155-4342-9BA4-3F0A3F2B4001}.Debug|Any CPU.ActiveCfg = Debug|Any CPU
		{38B6F886-A155-4342-9BA4-3F0A3F2B4001}.Debug|Any CPU.Build.0 = Debug|Any CPU
		{38B6F886-A155-4342-9BA4-3F0A3F2B4001}.Release|Any CPU.ActiveCfg = Release|Any CPU
		{38B6F886-A155-4342-9BA4-3F0A3F2B4001}.Release|Any CPU.Build.0 = Release|Any CPU
		{FD6B06A9-70B2-49BA-A6A9-E8481B4E4DEC}.Debug|Any CPU.ActiveCfg = Debug|Any CPU
		{FD6B06A9-70B2-49BA-A6A9-E8481B4E4DEC}.Debug|Any CPU.Build.0 = Debug|Any CPU
		{FD6B06A9-70B2-49BA-A6A9-E8481B4E4DEC}.Release|Any CPU.ActiveCfg = Release|Any CPU
		{FD6B06A9-70B2-49BA-A6A9-E8481B4E4DEC}.Release|Any CPU.Build.0 = Release|Any CPU
		{0ADF1997-C182-4D12-9FED-D1B5DE6A28FB}.Debug|Any CPU.ActiveCfg = Debug|Any CPU
		{0ADF1997-C182-4D12-9FED-D1B5DE6A28FB}.Debug|Any CPU.Build.0 = Debug|Any CPU
		{0ADF1997-C182-4D12-9FED-D1B5DE6A28FB}.Release|Any CPU.ActiveCfg = Release|Any CPU
		{0ADF1997-C182-4D12-9FED-D1B5DE6A28FB}.Release|Any CPU.Build.0 = Release|Any CPU
		{259C2F37-5D21-4F59-AB3B-07FDECA04F33}.Debug|Any CPU.ActiveCfg = Debug|Any CPU
		{259C2F37-5D21-4F59-AB3B-07FDECA04F33}.Debug|Any CPU.Build.0 = Debug|Any CPU
		{259C2F37-5D21-4F59-AB3B-07FDECA04F33}.Release|Any CPU.ActiveCfg = Release|Any CPU
		{259C2F37-5D21-4F59-AB3B-07FDECA04F33}.Release|Any CPU.Build.0 = Release|Any CPU
		{044A5D79-A052-49B5-86D3-C010C772D8DA}.Debug|Any CPU.ActiveCfg = Debug|Any CPU
		{044A5D79-A052-49B5-86D3-C010C772D8DA}.Debug|Any CPU.Build.0 = Debug|Any CPU
		{044A5D79-A052-49B5-86D3-C010C772D8DA}.Release|Any CPU.ActiveCfg = Release|Any CPU
		{044A5D79-A052-49B5-86D3-C010C772D8DA}.Release|Any CPU.Build.0 = Release|Any CPU
		{4D49D6B1-1857-47C1-82CE-C5F2BDB0DBE4}.Debug|Any CPU.ActiveCfg = Debug|Any CPU
		{4D49D6B1-1857-47C1-82CE-C5F2BDB0DBE4}.Debug|Any CPU.Build.0 = Debug|Any CPU
		{4D49D6B1-1857-47C1-82CE-C5F2BDB0DBE4}.Release|Any CPU.ActiveCfg = Release|Any CPU
		{4D49D6B1-1857-47C1-82CE-C5F2BDB0DBE4}.Release|Any CPU.Build.0 = Release|Any CPU
		{35261328-DC54-4739-AC04-EE964AA566C4}.Debug|Any CPU.ActiveCfg = Debug|Any CPU
		{35261328-DC54-4739-AC04-EE964AA566C4}.Debug|Any CPU.Build.0 = Debug|Any CPU
		{35261328-DC54-4739-AC04-EE964AA566C4}.Release|Any CPU.ActiveCfg = Release|Any CPU
		{35261328-DC54-4739-AC04-EE964AA566C4}.Release|Any CPU.Build.0 = Release|Any CPU
		{3FE708FF-B119-4C4D-9598-B1C89D457285}.Debug|Any CPU.ActiveCfg = Debug|Any CPU
		{3FE708FF-B119-4C4D-9598-B1C89D457285}.Debug|Any CPU.Build.0 = Debug|Any CPU
		{3FE708FF-B119-4C4D-9598-B1C89D457285}.Release|Any CPU.ActiveCfg = Release|Any CPU
		{3FE708FF-B119-4C4D-9598-B1C89D457285}.Release|Any CPU.Build.0 = Release|Any CPU
	EndGlobalSection
	GlobalSection(SolutionProperties) = preSolution
		HideSolutionNode = FALSE
	EndGlobalSection
	GlobalSection(ExtensibilityGlobals) = postSolution
		SolutionGuid = {CE9497DE-B3DB-4AAB-8B0D-4A205409B392}
	EndGlobalSection
EndGlobal
