
Microsoft Visual Studio Solution File, Format Version 12.00
# Visual Studio Version 17
VisualStudioVersion = 17.3.32922.545
MinimumVisualStudioVersion = 10.0.40219.1
Project("{9A19103F-16F7-4668-BE54-9A1E7A4F7556}") = "JurassicRisk", "JurassicRisk.csproj", "{38B6F886-A155-4342-9BA4-3F0A3F2B4001}"
EndProject
Project("{9A19103F-16F7-4668-BE54-9A1E7A4F7556}") = "ModelTestUnit", "..\ModelTestUnit\ModelTestUnit.csproj", "{259C2F37-5D21-4F59-AB3B-07FDECA04F33}"
EndProject
Project("{9A19103F-16F7-4668-BE54-9A1E7A4F7556}") = "Models", "..\Models\Models.csproj", "{044A5D79-A052-49B5-86D3-C010C772D8DA}"
EndProject
Project("{9A19103F-16F7-4668-BE54-9A1E7A4F7556}") = "Stockage", "..\Stockage\Stockage.csproj", "{35261328-DC54-4739-AC04-EE964AA566C4}"
EndProject
Project("{9A19103F-16F7-4668-BE54-9A1E7A4F7556}") = "StorageUnitTest", "..\StorageUnitTest\StorageUnitTest.csproj", "{3FE708FF-B119-4C4D-9598-B1C89D457285}"
EndProject
Project("{9A19103F-16F7-4668-BE54-9A1E7A4F7556}") = "UnitTestApi", "..\UnitTestApi\UnitTestApi.csproj", "{C57F05B7-37F8-465F-8FFE-5AB1B1DC37A4}"
EndProject
Project("{2150E333-8FDC-42A3-9474-1A3956D46DE8}") = "UnitTest", "UnitTest", "{4A6D0326-ABB5-4E80-A264-7381993E2D62}"
EndProject
Global
	GlobalSection(SolutionConfigurationPlatforms) = preSolution
		Debug|Any CPU = Debug|Any CPU
		Release|Any CPU = Release|Any CPU
	EndGlobalSection
	GlobalSection(ProjectConfigurationPlatforms) = postSolution
		{38B6F886-A155-4342-9BA4-3F0A3F2B4001}.Debug|Any CPU.ActiveCfg = Debug|Any CPU
		{38B6F886-A155-4342-9BA4-3F0A3F2B4001}.Debug|Any CPU.Build.0 = Debug|Any CPU
		{38B6F886-A155-4342-9BA4-3F0A3F2B4001}.Release|Any CPU.ActiveCfg = Release|Any CPU
		{38B6F886-A155-4342-9BA4-3F0A3F2B4001}.Release|Any CPU.Build.0 = Release|Any CPU
		{259C2F37-5D21-4F59-AB3B-07FDECA04F33}.Debug|Any CPU.ActiveCfg = Debug|Any CPU
		{259C2F37-5D21-4F59-AB3B-07FDECA04F33}.Debug|Any CPU.Build.0 = Debug|Any CPU
		{259C2F37-5D21-4F59-AB3B-07FDECA04F33}.Release|Any CPU.ActiveCfg = Release|Any CPU
		{259C2F37-5D21-4F59-AB3B-07FDECA04F33}.Release|Any CPU.Build.0 = Release|Any CPU
		{044A5D79-A052-49B5-86D3-C010C772D8DA}.Debug|Any CPU.ActiveCfg = Debug|Any CPU
		{044A5D79-A052-49B5-86D3-C010C772D8DA}.Debug|Any CPU.Build.0 = Debug|Any CPU
		{044A5D79-A052-49B5-86D3-C010C772D8DA}.Release|Any CPU.ActiveCfg = Release|Any CPU
		{044A5D79-A052-49B5-86D3-C010C772D8DA}.Release|Any CPU.Build.0 = Release|Any CPU
		{35261328-DC54-4739-AC04-EE964AA566C4}.Debug|Any CPU.ActiveCfg = Debug|Any CPU
		{35261328-DC54-4739-AC04-EE964AA566C4}.Debug|Any CPU.Build.0 = Debug|Any CPU
		{35261328-DC54-4739-AC04-EE964AA566C4}.Release|Any CPU.ActiveCfg = Release|Any CPU
		{35261328-DC54-4739-AC04-EE964AA566C4}.Release|Any CPU.Build.0 = Release|Any CPU
		{3FE708FF-B119-4C4D-9598-B1C89D457285}.Debug|Any CPU.ActiveCfg = Debug|Any CPU
		{3FE708FF-B119-4C4D-9598-B1C89D457285}.Debug|Any CPU.Build.0 = Debug|Any CPU
		{3FE708FF-B119-4C4D-9598-B1C89D457285}.Release|Any CPU.ActiveCfg = Release|Any CPU
		{3FE708FF-B119-4C4D-9598-B1C89D457285}.Release|Any CPU.Build.0 = Release|Any CPU
		{C57F05B7-37F8-465F-8FFE-5AB1B1DC37A4}.Debug|Any CPU.ActiveCfg = Debug|Any CPU
		{C57F05B7-37F8-465F-8FFE-5AB1B1DC37A4}.Debug|Any CPU.Build.0 = Debug|Any CPU
		{C57F05B7-37F8-465F-8FFE-5AB1B1DC37A4}.Release|Any CPU.ActiveCfg = Release|Any CPU
		{C57F05B7-37F8-465F-8FFE-5AB1B1DC37A4}.Release|Any CPU.Build.0 = Release|Any CPU
	EndGlobalSection
	GlobalSection(SolutionProperties) = preSolution
		HideSolutionNode = FALSE
	EndGlobalSection
	GlobalSection(NestedProjects) = preSolution
		{259C2F37-5D21-4F59-AB3B-07FDECA04F33} = {4A6D0326-ABB5-4E80-A264-7381993E2D62}
		{3FE708FF-B119-4C4D-9598-B1C89D457285} = {4A6D0326-ABB5-4E80-A264-7381993E2D62}
		{C57F05B7-37F8-465F-8FFE-5AB1B1DC37A4} = {4A6D0326-ABB5-4E80-A264-7381993E2D62}
	EndGlobalSection
	GlobalSection(ExtensibilityGlobals) = postSolution
		SolutionGuid = {CE9497DE-B3DB-4AAB-8B0D-4A205409B392}
	EndGlobalSection
EndGlobal
