
Microsoft Visual Studio Solution File, Format Version 12.00
# Visual Studio Version 17
VisualStudioVersion = 17.4.33110.190
MinimumVisualStudioVersion = 10.0.40219.1
Project("{9A19103F-16F7-4668-BE54-9A1E7A4F7556}") = "RISKAPI", "RISKAPI\RISKAPI.csproj", "{7D143D34-4D11-4804-915E-2BFB5D54F3C0}"
EndProject
Project("{9A19103F-16F7-4668-BE54-9A1E7A4F7556}") = "ModelsAPI", "ModelsAPI\ModelsAPI.csproj", "{AAD5D86A-579C-4123-B6A8-61384EE5BA88}"
EndProject
Project("{9A19103F-16F7-4668-BE54-9A1E7A4F7556}") = "Stockage", "Stockage\Stockage.csproj", "{C0854899-0AC3-4181-B2B5-0DF36AD4BA10}"
EndProject
Global
	GlobalSection(SolutionConfigurationPlatforms) = preSolution
		Debug|Any CPU = Debug|Any CPU
		Release|Any CPU = Release|Any CPU
	EndGlobalSection
	GlobalSection(ProjectConfigurationPlatforms) = postSolution
		{7D143D34-4D11-4804-915E-2BFB5D54F3C0}.Debug|Any CPU.ActiveCfg = Debug|Any CPU
		{7D143D34-4D11-4804-915E-2BFB5D54F3C0}.Debug|Any CPU.Build.0 = Debug|Any CPU
		{7D143D34-4D11-4804-915E-2BFB5D54F3C0}.Release|Any CPU.ActiveCfg = Release|Any CPU
		{7D143D34-4D11-4804-915E-2BFB5D54F3C0}.Release|Any CPU.Build.0 = Release|Any CPU
		{AAD5D86A-579C-4123-B6A8-61384EE5BA88}.Debug|Any CPU.ActiveCfg = Debug|Any CPU
		{AAD5D86A-579C-4123-B6A8-61384EE5BA88}.Debug|Any CPU.Build.0 = Debug|Any CPU
		{AAD5D86A-579C-4123-B6A8-61384EE5BA88}.Release|Any CPU.ActiveCfg = Release|Any CPU
		{AAD5D86A-579C-4123-B6A8-61384EE5BA88}.Release|Any CPU.Build.0 = Release|Any CPU
		{C0854899-0AC3-4181-B2B5-0DF36AD4BA10}.Debug|Any CPU.ActiveCfg = Debug|Any CPU
		{C0854899-0AC3-4181-B2B5-0DF36AD4BA10}.Debug|Any CPU.Build.0 = Debug|Any CPU
		{C0854899-0AC3-4181-B2B5-0DF36AD4BA10}.Release|Any CPU.ActiveCfg = Release|Any CPU
		{C0854899-0AC3-4181-B2B5-0DF36AD4BA10}.Release|Any CPU.Build.0 = Release|Any CPU
	EndGlobalSection
	GlobalSection(SolutionProperties) = preSolution
		HideSolutionNode = FALSE
	EndGlobalSection
	GlobalSection(ExtensibilityGlobals) = postSolution
		SolutionGuid = {F23C434D-653D-46B7-A25F-BEF706B8DB3C}
	EndGlobalSection
EndGlobal
